// !$*UTF8*$!
{
	archiveVersion = 1;
	classes = {
	};
	objectVersion = 46;
	objects = {

/* Begin PBXBuildFile section */
		040E37901CA41AD600AFE630 /* YRUserCollectionViewCell.m in Sources */ = {isa = PBXBuildFile; fileRef = 040E378F1CA41AD600AFE630 /* YRUserCollectionViewCell.m */; };
		04B9220C1CA0ED7200D37977 /* AnimationViewController.m in Sources */ = {isa = PBXBuildFile; fileRef = 04B9220B1CA0ED7200D37977 /* AnimationViewController.m */; };
		04B9220F1CA0ED8E00D37977 /* AppDelegate.m in Sources */ = {isa = PBXBuildFile; fileRef = 04B9220E1CA0ED8E00D37977 /* AppDelegate.m */; };
		04B922111CA0EDDF00D37977 /* YR.storyboard in Resources */ = {isa = PBXBuildFile; fileRef = 04B922101CA0EDDF00D37977 /* YR.storyboard */; };
		04B922151CA0EE0F00D37977 /* AFManager.m in Sources */ = {isa = PBXBuildFile; fileRef = 04B922141CA0EE0F00D37977 /* AFManager.m */; };
		04B922181CA0EE5300D37977 /* YrFirstInViewController.m in Sources */ = {isa = PBXBuildFile; fileRef = 04B922171CA0EE5300D37977 /* YrFirstInViewController.m */; };
		04DF62CA1CA24C2A0077550E /* YRsignTableViewCell.m in Sources */ = {isa = PBXBuildFile; fileRef = 04DF62C91CA24C2A0077550E /* YRsignTableViewCell.m */; };
		1427F4BB1C9FE40800442AFA /* DetailTableViewCell.m in Sources */ = {isa = PBXBuildFile; fileRef = 1427F4B91C9FE40800442AFA /* DetailTableViewCell.m */; };
		1427F4BC1C9FE40800442AFA /* DetailTableViewCell.xib in Resources */ = {isa = PBXBuildFile; fileRef = 1427F4BA1C9FE40800442AFA /* DetailTableViewCell.xib */; };
		144AFAE31C9FD1B0006AEFFB /* TopTableViewCell.xib in Resources */ = {isa = PBXBuildFile; fileRef = 144AFAE11C9FD1B0006AEFFB /* TopTableViewCell.xib */; };
		145933E51CA0EF6C00C31E09 /* a.jpeg in Resources */ = {isa = PBXBuildFile; fileRef = 145933E41CA0EF6C00C31E09 /* a.jpeg */; };
		145933E71CA0EF8600C31E09 /* TLMain.storyboard in Resources */ = {isa = PBXBuildFile; fileRef = 145933E61CA0EF8600C31E09 /* TLMain.storyboard */; };
		145933E91CA0F00100C31E09 /* TopTableViewCell.xib in Resources */ = {isa = PBXBuildFile; fileRef = 145933E81CA0F00100C31E09 /* TopTableViewCell.xib */; };
		145933EC1CA0F02900C31E09 /* MainViewController.m in Sources */ = {isa = PBXBuildFile; fileRef = 145933EB1CA0F02900C31E09 /* MainViewController.m */; };
		145933EE1CA0F52400C31E09 /* b.png in Resources */ = {isa = PBXBuildFile; fileRef = 145933ED1CA0F52400C31E09 /* b.png */; };
		145933F21CA0FDBD00C31E09 /* HeaderViewTableViewCell.m in Sources */ = {isa = PBXBuildFile; fileRef = 145933F01CA0FDBD00C31E09 /* HeaderViewTableViewCell.m */; };
		145933F31CA0FDBD00C31E09 /* HeaderViewTableViewCell.xib in Resources */ = {isa = PBXBuildFile; fileRef = 145933F11CA0FDBD00C31E09 /* HeaderViewTableViewCell.xib */; };
		145933F51CA1086000C31E09 /* c.jpg in Resources */ = {isa = PBXBuildFile; fileRef = 145933F41CA1086000C31E09 /* c.jpg */; };
		1459341B1CA1238500C31E09 /* BiggestModel.m in Sources */ = {isa = PBXBuildFile; fileRef = 1459341A1CA1238500C31E09 /* BiggestModel.m */; };
		1459341E1CA1248D00C31E09 /* MiddleModel.m in Sources */ = {isa = PBXBuildFile; fileRef = 1459341D1CA1248D00C31E09 /* MiddleModel.m */; };
		1459342C1CA1751F00C31E09 /* AreaViewController.m in Sources */ = {isa = PBXBuildFile; fileRef = 1459342A1CA1751F00C31E09 /* AreaViewController.m */; };
		1459342D1CA1751F00C31E09 /* AreaViewController.xib in Resources */ = {isa = PBXBuildFile; fileRef = 1459342B1CA1751F00C31E09 /* AreaViewController.xib */; };
		148B33311C9FB29F00179CE6 /* main.m in Sources */ = {isa = PBXBuildFile; fileRef = 148B33301C9FB29F00179CE6 /* main.m */; };
		148B333C1C9FB29F00179CE6 /* Assets.xcassets in Resources */ = {isa = PBXBuildFile; fileRef = 148B333B1C9FB29F00179CE6 /* Assets.xcassets */; };
		148B333F1C9FB29F00179CE6 /* LaunchScreen.storyboard in Resources */ = {isa = PBXBuildFile; fileRef = 148B333D1C9FB29F00179CE6 /* LaunchScreen.storyboard */; };
		14D0AD9D1CA42AB8005BBC65 /* TopTableViewCell.m in Sources */ = {isa = PBXBuildFile; fileRef = 14D0AD9C1CA42AB8005BBC65 /* TopTableViewCell.m */; };
		14D0ADA01CA42C0C005BBC65 /* TLMain.storyboard in Resources */ = {isa = PBXBuildFile; fileRef = 14D0AD9F1CA42C0C005BBC65 /* TLMain.storyboard */; };
		14D0ADAB1CA42C79005BBC65 /* list.m in Sources */ = {isa = PBXBuildFile; fileRef = 14D0ADA21CA42C79005BBC65 /* list.m */; };
		14D0ADAC1CA42C79005BBC65 /* YRsignTableViewCell.m in Sources */ = {isa = PBXBuildFile; fileRef = 14D0ADA41CA42C79005BBC65 /* YRsignTableViewCell.m */; };
		14D0ADAD1CA42C79005BBC65 /* YRsignViewController.m in Sources */ = {isa = PBXBuildFile; fileRef = 14D0ADA61CA42C79005BBC65 /* YRsignViewController.m */; };
		14D0ADAE1CA42C79005BBC65 /* YRUserCollectionViewCell.m in Sources */ = {isa = PBXBuildFile; fileRef = 14D0ADA81CA42C79005BBC65 /* YRUserCollectionViewCell.m */; };
		14D0ADAF1CA42C79005BBC65 /* YrUserViewController.m in Sources */ = {isa = PBXBuildFile; fileRef = 14D0ADAA1CA42C79005BBC65 /* YrUserViewController.m */; };
		14F57D711CA39BD500B338C8 /* HomeListManager.m in Sources */ = {isa = PBXBuildFile; fileRef = 14F57D701CA39BD500B338C8 /* HomeListManager.m */; };
		14F57D771CA3E1A200B338C8 /* HomePageView.m in Sources */ = {isa = PBXBuildFile; fileRef = 14F57D761CA3E1A200B338C8 /* HomePageView.m */; };
		14F57D791CA3E1B600B338C8 /* HomePageView.xib in Resources */ = {isa = PBXBuildFile; fileRef = 14F57D781CA3E1B600B338C8 /* HomePageView.xib */; };
		14F57D7E1CA3F14500B338C8 /* SockView.m in Sources */ = {isa = PBXBuildFile; fileRef = 14F57D7D1CA3F14500B338C8 /* SockView.m */; };
		14F57D811CA3FC0A00B338C8 /* GrabViw.m in Sources */ = {isa = PBXBuildFile; fileRef = 14F57D801CA3FC0A00B338C8 /* GrabViw.m */; };
		14F6BCB41CA19EDE002BB854 /* 1.jpg in Resources */ = {isa = PBXBuildFile; fileRef = 14F6BCAF1CA19EDE002BB854 /* 1.jpg */; };
		14F6BCB51CA19EDE002BB854 /* 2.jpg in Resources */ = {isa = PBXBuildFile; fileRef = 14F6BCB01CA19EDE002BB854 /* 2.jpg */; };
		14F6BCB61CA19EDE002BB854 /* 3.jpg in Resources */ = {isa = PBXBuildFile; fileRef = 14F6BCB11CA19EDE002BB854 /* 3.jpg */; };
		14F6BCB71CA19EDE002BB854 /* 4.jpg in Resources */ = {isa = PBXBuildFile; fileRef = 14F6BCB21CA19EDE002BB854 /* 4.jpg */; };
		14F6BCB81CA19EDE002BB854 /* 0.jpg in Resources */ = {isa = PBXBuildFile; fileRef = 14F6BCB31CA19EDE002BB854 /* 0.jpg */; };
		14FC1FCC1CA28E8A00F033A7 /* RefreshView.m in Sources */ = {isa = PBXBuildFile; fileRef = 14FC1FCB1CA28E8A00F033A7 /* RefreshView.m */; };
		14FC1FCE1CA28EA900F033A7 /* RefreshView.xib in Resources */ = {isa = PBXBuildFile; fileRef = 14FC1FCD1CA28EA900F033A7 /* RefreshView.xib */; };
		14FC1FD21CA294C300F033A7 /* SearchViewController.m in Sources */ = {isa = PBXBuildFile; fileRef = 14FC1FD01CA294C300F033A7 /* SearchViewController.m */; };
		14FC1FD31CA294C300F033A7 /* SearchViewController.xib in Resources */ = {isa = PBXBuildFile; fileRef = 14FC1FD11CA294C300F033A7 /* SearchViewController.xib */; };
		14FD8A281CA407750006F21D /* SockView.xib in Resources */ = {isa = PBXBuildFile; fileRef = 14FD8A271CA407750006F21D /* SockView.xib */; };
		14FD8A2C1CA413ED0006F21D /* MainScrollView.m in Sources */ = {isa = PBXBuildFile; fileRef = 14FD8A2B1CA413ED0006F21D /* MainScrollView.m */; };
		5489AA6AC640F34E8BA03F58 /* libPods.a in Frameworks */ = {isa = PBXBuildFile; fileRef = 30060AC1FF5B69398352EB81 /* libPods.a */; };
/* End PBXBuildFile section */

/* Begin PBXFileReference section */
		040E378E1CA41AD600AFE630 /* YRUserCollectionViewCell.h */ = {isa = PBXFileReference; fileEncoding = 4; lastKnownFileType = sourcecode.c.h; path = YRUserCollectionViewCell.h; sourceTree = "<group>"; };
		040E378F1CA41AD600AFE630 /* YRUserCollectionViewCell.m */ = {isa = PBXFileReference; fileEncoding = 4; lastKnownFileType = sourcecode.c.objc; path = YRUserCollectionViewCell.m; sourceTree = "<group>"; };
		04B9220A1CA0ED7200D37977 /* AnimationViewController.h */ = {isa = PBXFileReference; fileEncoding = 4; lastKnownFileType = sourcecode.c.h; path = AnimationViewController.h; sourceTree = "<group>"; };
		04B9220B1CA0ED7200D37977 /* AnimationViewController.m */ = {isa = PBXFileReference; fileEncoding = 4; lastKnownFileType = sourcecode.c.objc; path = AnimationViewController.m; sourceTree = "<group>"; };
		04B9220D1CA0ED8E00D37977 /* AppDelegate.h */ = {isa = PBXFileReference; fileEncoding = 4; lastKnownFileType = sourcecode.c.h; path = AppDelegate.h; sourceTree = "<group>"; };
		04B9220E1CA0ED8E00D37977 /* AppDelegate.m */ = {isa = PBXFileReference; fileEncoding = 4; lastKnownFileType = sourcecode.c.objc; path = AppDelegate.m; sourceTree = "<group>"; };
		04B922101CA0EDDF00D37977 /* YR.storyboard */ = {isa = PBXFileReference; fileEncoding = 4; lastKnownFileType = file.storyboard; path = YR.storyboard; sourceTree = "<group>"; };
		04B922131CA0EE0F00D37977 /* AFManager.h */ = {isa = PBXFileReference; fileEncoding = 4; lastKnownFileType = sourcecode.c.h; path = AFManager.h; sourceTree = "<group>"; };
		04B922141CA0EE0F00D37977 /* AFManager.m */ = {isa = PBXFileReference; fileEncoding = 4; lastKnownFileType = sourcecode.c.objc; path = AFManager.m; sourceTree = "<group>"; };
		04B922161CA0EE5300D37977 /* YrFirstInViewController.h */ = {isa = PBXFileReference; fileEncoding = 4; lastKnownFileType = sourcecode.c.h; path = YrFirstInViewController.h; sourceTree = "<group>"; };
		04B922171CA0EE5300D37977 /* YrFirstInViewController.m */ = {isa = PBXFileReference; fileEncoding = 4; lastKnownFileType = sourcecode.c.objc; path = YrFirstInViewController.m; sourceTree = "<group>"; };
		04DF62C81CA24C2A0077550E /* YRsignTableViewCell.h */ = {isa = PBXFileReference; fileEncoding = 4; lastKnownFileType = sourcecode.c.h; path = YRsignTableViewCell.h; sourceTree = "<group>"; };
		04DF62C91CA24C2A0077550E /* YRsignTableViewCell.m */ = {isa = PBXFileReference; fileEncoding = 4; lastKnownFileType = sourcecode.c.objc; path = YRsignTableViewCell.m; sourceTree = "<group>"; };
		1427F4B91C9FE40800442AFA /* DetailTableViewCell.m */ = {isa = PBXFileReference; fileEncoding = 4; lastKnownFileType = sourcecode.c.objc; path = DetailTableViewCell.m; sourceTree = "<group>"; };
		1427F4BA1C9FE40800442AFA /* DetailTableViewCell.xib */ = {isa = PBXFileReference; fileEncoding = 4; lastKnownFileType = file.xib; path = DetailTableViewCell.xib; sourceTree = "<group>"; };
		144AFADF1C9FD1B0006AEFFB /* TopTableViewCell.h */ = {isa = PBXFileReference; fileEncoding = 4; lastKnownFileType = sourcecode.c.h; path = TopTableViewCell.h; sourceTree = "<group>"; };
		144AFAE11C9FD1B0006AEFFB /* TopTableViewCell.xib */ = {isa = PBXFileReference; fileEncoding = 4; lastKnownFileType = file.xib; path = TopTableViewCell.xib; sourceTree = "<group>"; };
		145933E41CA0EF6C00C31E09 /* a.jpeg */ = {isa = PBXFileReference; lastKnownFileType = image.jpeg; path = a.jpeg; sourceTree = "<group>"; };
		145933E61CA0EF8600C31E09 /* TLMain.storyboard */ = {isa = PBXFileReference; fileEncoding = 4; lastKnownFileType = file.storyboard; path = TLMain.storyboard; sourceTree = "<group>"; };
		145933E81CA0F00100C31E09 /* TopTableViewCell.xib */ = {isa = PBXFileReference; fileEncoding = 4; lastKnownFileType = file.xib; path = TopTableViewCell.xib; sourceTree = "<group>"; };
		145933EA1CA0F02900C31E09 /* MainViewController.h */ = {isa = PBXFileReference; fileEncoding = 4; lastKnownFileType = sourcecode.c.h; path = MainViewController.h; sourceTree = "<group>"; };
		145933EB1CA0F02900C31E09 /* MainViewController.m */ = {isa = PBXFileReference; fileEncoding = 4; lastKnownFileType = sourcecode.c.objc; path = MainViewController.m; sourceTree = "<group>"; };
		145933ED1CA0F52400C31E09 /* b.png */ = {isa = PBXFileReference; lastKnownFileType = image.png; path = b.png; sourceTree = "<group>"; };
		145933EF1CA0FDBD00C31E09 /* HeaderViewTableViewCell.h */ = {isa = PBXFileReference; fileEncoding = 4; lastKnownFileType = sourcecode.c.h; path = HeaderViewTableViewCell.h; sourceTree = "<group>"; };
		145933F01CA0FDBD00C31E09 /* HeaderViewTableViewCell.m */ = {isa = PBXFileReference; fileEncoding = 4; lastKnownFileType = sourcecode.c.objc; path = HeaderViewTableViewCell.m; sourceTree = "<group>"; };
		145933F11CA0FDBD00C31E09 /* HeaderViewTableViewCell.xib */ = {isa = PBXFileReference; fileEncoding = 4; lastKnownFileType = file.xib; path = HeaderViewTableViewCell.xib; sourceTree = "<group>"; };
		145933F41CA1086000C31E09 /* c.jpg */ = {isa = PBXFileReference; lastKnownFileType = image.jpeg; path = c.jpg; sourceTree = "<group>"; };
		145934191CA1238500C31E09 /* BiggestModel.h */ = {isa = PBXFileReference; fileEncoding = 4; lastKnownFileType = sourcecode.c.h; path = BiggestModel.h; sourceTree = "<group>"; };
		1459341A1CA1238500C31E09 /* BiggestModel.m */ = {isa = PBXFileReference; fileEncoding = 4; lastKnownFileType = sourcecode.c.objc; path = BiggestModel.m; sourceTree = "<group>"; };
		1459341C1CA1248D00C31E09 /* MiddleModel.h */ = {isa = PBXFileReference; fileEncoding = 4; lastKnownFileType = sourcecode.c.h; path = MiddleModel.h; sourceTree = "<group>"; };
		1459341D1CA1248D00C31E09 /* MiddleModel.m */ = {isa = PBXFileReference; fileEncoding = 4; lastKnownFileType = sourcecode.c.objc; path = MiddleModel.m; sourceTree = "<group>"; };
		145934291CA1751F00C31E09 /* AreaViewController.h */ = {isa = PBXFileReference; fileEncoding = 4; lastKnownFileType = sourcecode.c.h; path = AreaViewController.h; sourceTree = "<group>"; };
		1459342A1CA1751F00C31E09 /* AreaViewController.m */ = {isa = PBXFileReference; fileEncoding = 4; lastKnownFileType = sourcecode.c.objc; path = AreaViewController.m; sourceTree = "<group>"; };
		1459342B1CA1751F00C31E09 /* AreaViewController.xib */ = {isa = PBXFileReference; fileEncoding = 4; lastKnownFileType = file.xib; path = AreaViewController.xib; sourceTree = "<group>"; };
		148B332C1C9FB29F00179CE6 /* GeGeJia.app */ = {isa = PBXFileReference; explicitFileType = wrapper.application; includeInIndex = 0; path = GeGeJia.app; sourceTree = BUILT_PRODUCTS_DIR; };
		148B33301C9FB29F00179CE6 /* main.m */ = {isa = PBXFileReference; lastKnownFileType = sourcecode.c.objc; path = main.m; sourceTree = "<group>"; };
		148B333B1C9FB29F00179CE6 /* Assets.xcassets */ = {isa = PBXFileReference; lastKnownFileType = folder.assetcatalog; path = Assets.xcassets; sourceTree = "<group>"; };
		148B333E1C9FB29F00179CE6 /* Base */ = {isa = PBXFileReference; lastKnownFileType = file.storyboard; name = Base; path = Base.lproj/LaunchScreen.storyboard; sourceTree = "<group>"; };
		148B33401C9FB29F00179CE6 /* Info.plist */ = {isa = PBXFileReference; lastKnownFileType = text.plist.xml; path = Info.plist; sourceTree = "<group>"; };
		14D0AD9C1CA42AB8005BBC65 /* TopTableViewCell.m */ = {isa = PBXFileReference; fileEncoding = 4; lastKnownFileType = sourcecode.c.objc; path = TopTableViewCell.m; sourceTree = "<group>"; };
		14D0AD9E1CA42ACD005BBC65 /* DetailTableViewCell.h */ = {isa = PBXFileReference; fileEncoding = 4; lastKnownFileType = sourcecode.c.h; path = DetailTableViewCell.h; sourceTree = "<group>"; };
		14D0AD9F1CA42C0C005BBC65 /* TLMain.storyboard */ = {isa = PBXFileReference; fileEncoding = 4; lastKnownFileType = file.storyboard; path = TLMain.storyboard; sourceTree = "<group>"; };
		14D0ADA11CA42C79005BBC65 /* list.h */ = {isa = PBXFileReference; fileEncoding = 4; lastKnownFileType = sourcecode.c.h; path = list.h; sourceTree = "<group>"; };
		14D0ADA21CA42C79005BBC65 /* list.m */ = {isa = PBXFileReference; fileEncoding = 4; lastKnownFileType = sourcecode.c.objc; path = list.m; sourceTree = "<group>"; };
		14D0ADA31CA42C79005BBC65 /* YRsignTableViewCell.h */ = {isa = PBXFileReference; fileEncoding = 4; lastKnownFileType = sourcecode.c.h; path = YRsignTableViewCell.h; sourceTree = "<group>"; };
		14D0ADA41CA42C79005BBC65 /* YRsignTableViewCell.m */ = {isa = PBXFileReference; fileEncoding = 4; lastKnownFileType = sourcecode.c.objc; path = YRsignTableViewCell.m; sourceTree = "<group>"; };
		14D0ADA51CA42C79005BBC65 /* YRsignViewController.h */ = {isa = PBXFileReference; fileEncoding = 4; lastKnownFileType = sourcecode.c.h; path = YRsignViewController.h; sourceTree = "<group>"; };
		14D0ADA61CA42C79005BBC65 /* YRsignViewController.m */ = {isa = PBXFileReference; fileEncoding = 4; lastKnownFileType = sourcecode.c.objc; path = YRsignViewController.m; sourceTree = "<group>"; };
		14D0ADA71CA42C79005BBC65 /* YRUserCollectionViewCell.h */ = {isa = PBXFileReference; fileEncoding = 4; lastKnownFileType = sourcecode.c.h; path = YRUserCollectionViewCell.h; sourceTree = "<group>"; };
		14D0ADA81CA42C79005BBC65 /* YRUserCollectionViewCell.m */ = {isa = PBXFileReference; fileEncoding = 4; lastKnownFileType = sourcecode.c.objc; path = YRUserCollectionViewCell.m; sourceTree = "<group>"; };
		14D0ADA91CA42C79005BBC65 /* YrUserViewController.h */ = {isa = PBXFileReference; fileEncoding = 4; lastKnownFileType = sourcecode.c.h; path = YrUserViewController.h; sourceTree = "<group>"; };
		14D0ADAA1CA42C79005BBC65 /* YrUserViewController.m */ = {isa = PBXFileReference; fileEncoding = 4; lastKnownFileType = sourcecode.c.objc; path = YrUserViewController.m; sourceTree = "<group>"; };
		14F57D6F1CA39BD500B338C8 /* HomeListManager.h */ = {isa = PBXFileReference; fileEncoding = 4; lastKnownFileType = sourcecode.c.h; path = HomeListManager.h; sourceTree = "<group>"; };
		14F57D701CA39BD500B338C8 /* HomeListManager.m */ = {isa = PBXFileReference; fileEncoding = 4; lastKnownFileType = sourcecode.c.objc; path = HomeListManager.m; sourceTree = "<group>"; };
		14F57D751CA3E1A200B338C8 /* HomePageView.h */ = {isa = PBXFileReference; fileEncoding = 4; lastKnownFileType = sourcecode.c.h; path = HomePageView.h; sourceTree = "<group>"; };
		14F57D761CA3E1A200B338C8 /* HomePageView.m */ = {isa = PBXFileReference; fileEncoding = 4; lastKnownFileType = sourcecode.c.objc; path = HomePageView.m; sourceTree = "<group>"; };
		14F57D781CA3E1B600B338C8 /* HomePageView.xib */ = {isa = PBXFileReference; fileEncoding = 4; lastKnownFileType = file.xib; path = HomePageView.xib; sourceTree = "<group>"; };
		14F57D7B1CA3E43300B338C8 /* Header.h */ = {isa = PBXFileReference; lastKnownFileType = sourcecode.c.h; path = Header.h; sourceTree = "<group>"; };
		14F57D7C1CA3F14500B338C8 /* SockView.h */ = {isa = PBXFileReference; fileEncoding = 4; lastKnownFileType = sourcecode.c.h; path = SockView.h; sourceTree = "<group>"; };
		14F57D7D1CA3F14500B338C8 /* SockView.m */ = {isa = PBXFileReference; fileEncoding = 4; lastKnownFileType = sourcecode.c.objc; path = SockView.m; sourceTree = "<group>"; };
		14F57D7F1CA3FC0A00B338C8 /* GrabViw.h */ = {isa = PBXFileReference; fileEncoding = 4; lastKnownFileType = sourcecode.c.h; path = GrabViw.h; sourceTree = "<group>"; };
		14F57D801CA3FC0A00B338C8 /* GrabViw.m */ = {isa = PBXFileReference; fileEncoding = 4; lastKnownFileType = sourcecode.c.objc; path = GrabViw.m; sourceTree = "<group>"; };
		14F6BCAF1CA19EDE002BB854 /* 1.jpg */ = {isa = PBXFileReference; lastKnownFileType = image.jpeg; path = 1.jpg; sourceTree = "<group>"; };
		14F6BCB01CA19EDE002BB854 /* 2.jpg */ = {isa = PBXFileReference; lastKnownFileType = image.jpeg; path = 2.jpg; sourceTree = "<group>"; };
		14F6BCB11CA19EDE002BB854 /* 3.jpg */ = {isa = PBXFileReference; lastKnownFileType = image.jpeg; path = 3.jpg; sourceTree = "<group>"; };
		14F6BCB21CA19EDE002BB854 /* 4.jpg */ = {isa = PBXFileReference; lastKnownFileType = image.jpeg; path = 4.jpg; sourceTree = "<group>"; };
		14F6BCB31CA19EDE002BB854 /* 0.jpg */ = {isa = PBXFileReference; lastKnownFileType = image.jpeg; path = 0.jpg; sourceTree = "<group>"; };
		14FC1FCA1CA28E8A00F033A7 /* RefreshView.h */ = {isa = PBXFileReference; fileEncoding = 4; lastKnownFileType = sourcecode.c.h; path = RefreshView.h; sourceTree = "<group>"; };
		14FC1FCB1CA28E8A00F033A7 /* RefreshView.m */ = {isa = PBXFileReference; fileEncoding = 4; lastKnownFileType = sourcecode.c.objc; path = RefreshView.m; sourceTree = "<group>"; };
		14FC1FCD1CA28EA900F033A7 /* RefreshView.xib */ = {isa = PBXFileReference; fileEncoding = 4; lastKnownFileType = file.xib; path = RefreshView.xib; sourceTree = "<group>"; };
		14FC1FCF1CA294C300F033A7 /* SearchViewController.h */ = {isa = PBXFileReference; fileEncoding = 4; lastKnownFileType = sourcecode.c.h; path = SearchViewController.h; sourceTree = "<group>"; };
		14FC1FD01CA294C300F033A7 /* SearchViewController.m */ = {isa = PBXFileReference; fileEncoding = 4; lastKnownFileType = sourcecode.c.objc; path = SearchViewController.m; sourceTree = "<group>"; };
		14FC1FD11CA294C300F033A7 /* SearchViewController.xib */ = {isa = PBXFileReference; fileEncoding = 4; lastKnownFileType = file.xib; path = SearchViewController.xib; sourceTree = "<group>"; };
		14FD8A271CA407750006F21D /* SockView.xib */ = {isa = PBXFileReference; fileEncoding = 4; lastKnownFileType = file.xib; path = SockView.xib; sourceTree = "<group>"; };
		14FD8A291CA4096C0006F21D /* GeGeJia-PrefixHeader.pch */ = {isa = PBXFileReference; lastKnownFileType = sourcecode.c.h; path = "GeGeJia-PrefixHeader.pch"; sourceTree = "<group>"; };
		14FD8A2A1CA413ED0006F21D /* MainScrollView.h */ = {isa = PBXFileReference; fileEncoding = 4; lastKnownFileType = sourcecode.c.h; path = MainScrollView.h; sourceTree = "<group>"; };
		14FD8A2B1CA413ED0006F21D /* MainScrollView.m */ = {isa = PBXFileReference; fileEncoding = 4; lastKnownFileType = sourcecode.c.objc; path = MainScrollView.m; sourceTree = "<group>"; };
		30060AC1FF5B69398352EB81 /* libPods.a */ = {isa = PBXFileReference; explicitFileType = archive.ar; includeInIndex = 0; path = libPods.a; sourceTree = BUILT_PRODUCTS_DIR; };
		338E16DB9706D1A6ABF2FACC /* Pods.release.xcconfig */ = {isa = PBXFileReference; includeInIndex = 1; lastKnownFileType = text.xcconfig; name = Pods.release.xcconfig; path = "Pods/Target Support Files/Pods/Pods.release.xcconfig"; sourceTree = "<group>"; };
		E9AA0A1FC6C5323560FC26C9 /* Pods.debug.xcconfig */ = {isa = PBXFileReference; includeInIndex = 1; lastKnownFileType = text.xcconfig; name = Pods.debug.xcconfig; path = "Pods/Target Support Files/Pods/Pods.debug.xcconfig"; sourceTree = "<group>"; };
/* End PBXFileReference section */

/* Begin PBXFrameworksBuildPhase section */
		148B33291C9FB29F00179CE6 /* Frameworks */ = {
			isa = PBXFrameworksBuildPhase;
			buildActionMask = 2147483647;
			files = (
				5489AA6AC640F34E8BA03F58 /* libPods.a in Frameworks */,
			);
			runOnlyForDeploymentPostprocessing = 0;
		};
/* End PBXFrameworksBuildPhase section */

/* Begin PBXGroup section */
		040E378A1CA3D80400AFE630 /* model */ = {
			isa = PBXGroup;
			children = (
			);
			name = model;
			sourceTree = "<group>";
		};
		04B922121CA0EE0100D37977 /* Helper */ = {
			isa = PBXGroup;
			children = (
				04B922131CA0EE0F00D37977 /* AFManager.h */,
				04B922141CA0EE0F00D37977 /* AFManager.m */,
			);
			name = Helper;
			sourceTree = "<group>";
		};
		04DF62C71CA24BFF0077550E /* cell */ = {
			isa = PBXGroup;
			children = (
				04DF62C81CA24C2A0077550E /* YRsignTableViewCell.h */,
				04DF62C91CA24C2A0077550E /* YRsignTableViewCell.m */,
				040E378E1CA41AD600AFE630 /* YRUserCollectionViewCell.h */,
				040E378F1CA41AD600AFE630 /* YRUserCollectionViewCell.m */,
			);
			name = cell;
			sourceTree = "<group>";
		};
		1427F4AB1C9FDC3D00442AFA /* TL */ = {
			isa = PBXGroup;
			children = (
				14F57D6E1CA39BB600B338C8 /* manager */,
				1427F4B11C9FDD6B00442AFA /* models */,
				145934201CA12D4600C31E09 /* views */,
				1427F4B01C9FDD5B00442AFA /* VC */,
			);
			name = TL;
			sourceTree = "<group>";
		};
		1427F4AC1C9FDC4B00442AFA /* YR */ = {
			isa = PBXGroup;
			children = (
				040E378A1CA3D80400AFE630 /* model */,
				04B922101CA0EDDF00D37977 /* YR.storyboard */,
				04B922161CA0EE5300D37977 /* YrFirstInViewController.h */,
				04B922171CA0EE5300D37977 /* YrFirstInViewController.m */,
				04B9220A1CA0ED7200D37977 /* AnimationViewController.h */,
				04B9220B1CA0ED7200D37977 /* AnimationViewController.m */,
				14D0ADA11CA42C79005BBC65 /* list.h */,
				14D0ADA21CA42C79005BBC65 /* list.m */,
				14D0ADA31CA42C79005BBC65 /* YRsignTableViewCell.h */,
				14D0ADA41CA42C79005BBC65 /* YRsignTableViewCell.m */,
				14D0ADA51CA42C79005BBC65 /* YRsignViewController.h */,
				14D0ADA61CA42C79005BBC65 /* YRsignViewController.m */,
				14D0ADA71CA42C79005BBC65 /* YRUserCollectionViewCell.h */,
				14D0ADA81CA42C79005BBC65 /* YRUserCollectionViewCell.m */,
				14D0ADA91CA42C79005BBC65 /* YrUserViewController.h */,
				14D0ADAA1CA42C79005BBC65 /* YrUserViewController.m */,
				04DF62C71CA24BFF0077550E /* cell */,
			);
			name = YR;
			sourceTree = "<group>";
		};
		1427F4AD1C9FDC5300442AFA /* LHB */ = {
			isa = PBXGroup;
			children = (
			);
			name = LHB;
			sourceTree = "<group>";
		};
		1427F4AE1C9FDC8900442AFA /* AppDelegate */ = {
			isa = PBXGroup;
			children = (
				04B9220D1CA0ED8E00D37977 /* AppDelegate.h */,
				04B9220E1CA0ED8E00D37977 /* AppDelegate.m */,
			);
			name = AppDelegate;
			sourceTree = "<group>";
		};
		1427F4AF1C9FDD3F00442AFA /* customCells */ = {
			isa = PBXGroup;
			children = (
				144AFADF1C9FD1B0006AEFFB /* TopTableViewCell.h */,
				144AFAE11C9FD1B0006AEFFB /* TopTableViewCell.xib */,
				14D0AD9E1CA42ACD005BBC65 /* DetailTableViewCell.h */,
				14D0AD9C1CA42AB8005BBC65 /* TopTableViewCell.m */,
				1427F4B91C9FE40800442AFA /* DetailTableViewCell.m */,
				1427F4BA1C9FE40800442AFA /* DetailTableViewCell.xib */,
				145933EF1CA0FDBD00C31E09 /* HeaderViewTableViewCell.h */,
				145933F01CA0FDBD00C31E09 /* HeaderViewTableViewCell.m */,
				145933F11CA0FDBD00C31E09 /* HeaderViewTableViewCell.xib */,
			);
			name = customCells;
			sourceTree = "<group>";
		};
		1427F4B01C9FDD5B00442AFA /* VC */ = {
			isa = PBXGroup;
			children = (
				145933EA1CA0F02900C31E09 /* MainViewController.h */,
				145933EB1CA0F02900C31E09 /* MainViewController.m */,
				145934291CA1751F00C31E09 /* AreaViewController.h */,
				1459342A1CA1751F00C31E09 /* AreaViewController.m */,
				1459342B1CA1751F00C31E09 /* AreaViewController.xib */,
				14FC1FCF1CA294C300F033A7 /* SearchViewController.h */,
				14FC1FD01CA294C300F033A7 /* SearchViewController.m */,
				14FC1FD11CA294C300F033A7 /* SearchViewController.xib */,
				14D0AD9F1CA42C0C005BBC65 /* TLMain.storyboard */,
			);
			name = VC;
			sourceTree = "<group>";
		};
		1427F4B11C9FDD6B00442AFA /* models */ = {
			isa = PBXGroup;
			children = (
				145934191CA1238500C31E09 /* BiggestModel.h */,
				1459341A1CA1238500C31E09 /* BiggestModel.m */,
				1459341C1CA1248D00C31E09 /* MiddleModel.h */,
				1459341D1CA1248D00C31E09 /* MiddleModel.m */,
			);
			name = models;
			sourceTree = "<group>";
		};
		145934201CA12D4600C31E09 /* views */ = {
			isa = PBXGroup;
			children = (
				14FC1FC91CA28E6200F033A7 /* uiview */,
				145934211CA12D5F00C31E09 /* scrollView */,
				1427F4AF1C9FDD3F00442AFA /* customCells */,
			);
			name = views;
			sourceTree = "<group>";
		};
		145934211CA12D5F00C31E09 /* scrollView */ = {
			isa = PBXGroup;
			children = (
				14FD8A2A1CA413ED0006F21D /* MainScrollView.h */,
				14FD8A2B1CA413ED0006F21D /* MainScrollView.m */,
			);
			name = scrollView;
			sourceTree = "<group>";
		};
		148B33231C9FB29F00179CE6 = {
			isa = PBXGroup;
			children = (
				14F6BCB91CA19F20002BB854 /* images */,
				148B332E1C9FB29F00179CE6 /* GeGeJia */,
				148B332D1C9FB29F00179CE6 /* Products */,
				159A8033FEBC5DF96D4CB0F4 /* Pods */,
				A32BDE99DC484F58BFD6AB4A /* Frameworks */,
			);
			sourceTree = "<group>";
		};
		148B332D1C9FB29F00179CE6 /* Products */ = {
			isa = PBXGroup;
			children = (
				148B332C1C9FB29F00179CE6 /* GeGeJia.app */,
			);
			name = Products;
			sourceTree = "<group>";
		};
		148B332E1C9FB29F00179CE6 /* GeGeJia */ = {
			isa = PBXGroup;
			children = (
				04B922121CA0EE0100D37977 /* Helper */,
				1427F4AE1C9FDC8900442AFA /* AppDelegate */,
				1427F4AC1C9FDC4B00442AFA /* YR */,
				1427F4AD1C9FDC5300442AFA /* LHB */,
				1427F4AB1C9FDC3D00442AFA /* TL */,
				148B333B1C9FB29F00179CE6 /* Assets.xcassets */,
				148B333D1C9FB29F00179CE6 /* LaunchScreen.storyboard */,
				148B33401C9FB29F00179CE6 /* Info.plist */,
				148B332F1C9FB29F00179CE6 /* Supporting Files */,
				14F57D7B1CA3E43300B338C8 /* Header.h */,
				14FD8A291CA4096C0006F21D /* GeGeJia-PrefixHeader.pch */,
			);
			path = GeGeJia;
			sourceTree = "<group>";
		};
		148B332F1C9FB29F00179CE6 /* Supporting Files */ = {
			isa = PBXGroup;
			children = (
				148B33301C9FB29F00179CE6 /* main.m */,
			);
			name = "Supporting Files";
			sourceTree = "<group>";
		};
		14F57D6E1CA39BB600B338C8 /* manager */ = {
			isa = PBXGroup;
			children = (
				14F57D6F1CA39BD500B338C8 /* HomeListManager.h */,
				14F57D701CA39BD500B338C8 /* HomeListManager.m */,
			);
			name = manager;
			sourceTree = "<group>";
		};
		14F6BCB91CA19F20002BB854 /* images */ = {
			isa = PBXGroup;
			children = (
				145933E41CA0EF6C00C31E09 /* a.jpeg */,
				145933ED1CA0F52400C31E09 /* b.png */,
				145933F41CA1086000C31E09 /* c.jpg */,
				14F6BCB31CA19EDE002BB854 /* 0.jpg */,
				14F6BCAF1CA19EDE002BB854 /* 1.jpg */,
				14F6BCB01CA19EDE002BB854 /* 2.jpg */,
				14F6BCB11CA19EDE002BB854 /* 3.jpg */,
				14F6BCB21CA19EDE002BB854 /* 4.jpg */,
			);
			name = images;
			sourceTree = "<group>";
		};
		14FC1FC91CA28E6200F033A7 /* uiview */ = {
			isa = PBXGroup;
			children = (
				14FC1FCA1CA28E8A00F033A7 /* RefreshView.h */,
				14FC1FCB1CA28E8A00F033A7 /* RefreshView.m */,
				14FC1FCD1CA28EA900F033A7 /* RefreshView.xib */,
				14F57D751CA3E1A200B338C8 /* HomePageView.h */,
				14F57D761CA3E1A200B338C8 /* HomePageView.m */,
				14F57D781CA3E1B600B338C8 /* HomePageView.xib */,
				14F57D7C1CA3F14500B338C8 /* SockView.h */,
				14F57D7D1CA3F14500B338C8 /* SockView.m */,
				14FD8A271CA407750006F21D /* SockView.xib */,
				14F57D7F1CA3FC0A00B338C8 /* GrabViw.h */,
				14F57D801CA3FC0A00B338C8 /* GrabViw.m */,
			);
			name = uiview;
			sourceTree = "<group>";
		};
		159A8033FEBC5DF96D4CB0F4 /* Pods */ = {
			isa = PBXGroup;
			children = (
				E9AA0A1FC6C5323560FC26C9 /* Pods.debug.xcconfig */,
				338E16DB9706D1A6ABF2FACC /* Pods.release.xcconfig */,
			);
			name = Pods;
			sourceTree = "<group>";
		};
		A32BDE99DC484F58BFD6AB4A /* Frameworks */ = {
			isa = PBXGroup;
			children = (
				30060AC1FF5B69398352EB81 /* libPods.a */,
			);
			name = Frameworks;
			sourceTree = "<group>";
		};
/* End PBXGroup section */

/* Begin PBXNativeTarget section */
		148B332B1C9FB29F00179CE6 /* GeGeJia */ = {
			isa = PBXNativeTarget;
			buildConfigurationList = 148B33431C9FB29F00179CE6 /* Build configuration list for PBXNativeTarget "GeGeJia" */;
			buildPhases = (
				51882DF2D7D400805A6F9E47 /* Check Pods Manifest.lock */,
				148B33281C9FB29F00179CE6 /* Sources */,
				148B33291C9FB29F00179CE6 /* Frameworks */,
				148B332A1C9FB29F00179CE6 /* Resources */,
				5340B60022FD9151EE0C9B72 /* Embed Pods Frameworks */,
				92FCCC213AB03C1FC130D23E /* Copy Pods Resources */,
			);
			buildRules = (
			);
			dependencies = (
			);
			name = GeGeJia;
			productName = GeGeJia;
			productReference = 148B332C1C9FB29F00179CE6 /* GeGeJia.app */;
			productType = "com.apple.product-type.application";
		};
/* End PBXNativeTarget section */

/* Begin PBXProject section */
		148B33241C9FB29F00179CE6 /* Project object */ = {
			isa = PBXProject;
			attributes = {
				LastUpgradeCheck = 0720;
				ORGANIZATIONNAME = Tony;
				TargetAttributes = {
					148B332B1C9FB29F00179CE6 = {
						CreatedOnToolsVersion = 7.2;
					};
				};
			};
			buildConfigurationList = 148B33271C9FB29F00179CE6 /* Build configuration list for PBXProject "GeGeJia" */;
			compatibilityVersion = "Xcode 3.2";
			developmentRegion = English;
			hasScannedForEncodings = 0;
			knownRegions = (
				en,
				Base,
			);
			mainGroup = 148B33231C9FB29F00179CE6;
			productRefGroup = 148B332D1C9FB29F00179CE6 /* Products */;
			projectDirPath = "";
			projectRoot = "";
			targets = (
				148B332B1C9FB29F00179CE6 /* GeGeJia */,
			);
		};
/* End PBXProject section */

/* Begin PBXResourcesBuildPhase section */
		148B332A1C9FB29F00179CE6 /* Resources */ = {
			isa = PBXResourcesBuildPhase;
			buildActionMask = 2147483647;
			files = (
				14FC1FCE1CA28EA900F033A7 /* RefreshView.xib in Resources */,
				14FC1FD31CA294C300F033A7 /* SearchViewController.xib in Resources */,
				14F6BCB51CA19EDE002BB854 /* 2.jpg in Resources */,
				148B333F1C9FB29F00179CE6 /* LaunchScreen.storyboard in Resources */,
				148B333C1C9FB29F00179CE6 /* Assets.xcassets in Resources */,
				14D0ADA01CA42C0C005BBC65 /* TLMain.storyboard in Resources */,
				145933E51CA0EF6C00C31E09 /* a.jpeg in Resources */,
				14F6BCB61CA19EDE002BB854 /* 3.jpg in Resources */,
				14F6BCB71CA19EDE002BB854 /* 4.jpg in Resources */,
				1459342D1CA1751F00C31E09 /* AreaViewController.xib in Resources */,
				145933E91CA0F00100C31E09 /* TopTableViewCell.xib in Resources */,
				145933F51CA1086000C31E09 /* c.jpg in Resources */,
				14FD8A281CA407750006F21D /* SockView.xib in Resources */,
				14F6BCB41CA19EDE002BB854 /* 1.jpg in Resources */,
				145933E71CA0EF8600C31E09 /* TLMain.storyboard in Resources */,
				144AFAE31C9FD1B0006AEFFB /* TopTableViewCell.xib in Resources */,
				1427F4BC1C9FE40800442AFA /* DetailTableViewCell.xib in Resources */,
				04B922111CA0EDDF00D37977 /* YR.storyboard in Resources */,
				145933EE1CA0F52400C31E09 /* b.png in Resources */,
				14F6BCB81CA19EDE002BB854 /* 0.jpg in Resources */,
				14F57D791CA3E1B600B338C8 /* HomePageView.xib in Resources */,
				145933F31CA0FDBD00C31E09 /* HeaderViewTableViewCell.xib in Resources */,
			);
			runOnlyForDeploymentPostprocessing = 0;
		};
/* End PBXResourcesBuildPhase section */

/* Begin PBXShellScriptBuildPhase section */
		51882DF2D7D400805A6F9E47 /* Check Pods Manifest.lock */ = {
			isa = PBXShellScriptBuildPhase;
			buildActionMask = 2147483647;
			files = (
			);
			inputPaths = (
			);
			name = "Check Pods Manifest.lock";
			outputPaths = (
			);
			runOnlyForDeploymentPostprocessing = 0;
			shellPath = /bin/sh;
			shellScript = "diff \"${PODS_ROOT}/../Podfile.lock\" \"${PODS_ROOT}/Manifest.lock\" > /dev/null\nif [[ $? != 0 ]] ; then\n    cat << EOM\nerror: The sandbox is not in sync with the Podfile.lock. Run 'pod install' or update your CocoaPods installation.\nEOM\n    exit 1\nfi\n";
			showEnvVarsInLog = 0;
		};
		5340B60022FD9151EE0C9B72 /* Embed Pods Frameworks */ = {
			isa = PBXShellScriptBuildPhase;
			buildActionMask = 2147483647;
			files = (
			);
			inputPaths = (
			);
			name = "Embed Pods Frameworks";
			outputPaths = (
			);
			runOnlyForDeploymentPostprocessing = 0;
			shellPath = /bin/sh;
			shellScript = "\"${SRCROOT}/Pods/Target Support Files/Pods/Pods-frameworks.sh\"\n";
			showEnvVarsInLog = 0;
		};
		92FCCC213AB03C1FC130D23E /* Copy Pods Resources */ = {
			isa = PBXShellScriptBuildPhase;
			buildActionMask = 2147483647;
			files = (
			);
			inputPaths = (
			);
			name = "Copy Pods Resources";
			outputPaths = (
			);
			runOnlyForDeploymentPostprocessing = 0;
			shellPath = /bin/sh;
			shellScript = "\"${SRCROOT}/Pods/Target Support Files/Pods/Pods-resources.sh\"\n";
			showEnvVarsInLog = 0;
		};
/* End PBXShellScriptBuildPhase section */

/* Begin PBXSourcesBuildPhase section */
		148B33281C9FB29F00179CE6 /* Sources */ = {
			isa = PBXSourcesBuildPhase;
			buildActionMask = 2147483647;
			files = (
				1459341E1CA1248D00C31E09 /* MiddleModel.m in Sources */,
				1427F4BB1C9FE40800442AFA /* DetailTableViewCell.m in Sources */,
				14FD8A2C1CA413ED0006F21D /* MainScrollView.m in Sources */,
				14F57D771CA3E1A200B338C8 /* HomePageView.m in Sources */,
				145933EC1CA0F02900C31E09 /* MainViewController.m in Sources */,
				14D0ADAD1CA42C79005BBC65 /* YRsignViewController.m in Sources */,
				1459342C1CA1751F00C31E09 /* AreaViewController.m in Sources */,
				14FC1FD21CA294C300F033A7 /* SearchViewController.m in Sources */,
				14D0ADAC1CA42C79005BBC65 /* YRsignTableViewCell.m in Sources */,
				14D0ADAF1CA42C79005BBC65 /* YrUserViewController.m in Sources */,
				14F57D811CA3FC0A00B338C8 /* GrabViw.m in Sources */,
				14D0ADAB1CA42C79005BBC65 /* list.m in Sources */,
				14FC1FCC1CA28E8A00F033A7 /* RefreshView.m in Sources */,
				145933F21CA0FDBD00C31E09 /* HeaderViewTableViewCell.m in Sources */,
				1459341B1CA1238500C31E09 /* BiggestModel.m in Sources */,
				14D0ADAE1CA42C79005BBC65 /* YRUserCollectionViewCell.m in Sources */,
				04B922181CA0EE5300D37977 /* YrFirstInViewController.m in Sources */,
				1427F4BB1C9FE40800442AFA /* DetailTableViewCell.m in Sources */,
				04B922151CA0EE0F00D37977 /* AFManager.m in Sources */,
				04DF62CA1CA24C2A0077550E /* YRsignTableViewCell.m in Sources */,
				040E37901CA41AD600AFE630 /* YRUserCollectionViewCell.m in Sources */,
				04B9220F1CA0ED8E00D37977 /* AppDelegate.m in Sources */,
				148B33311C9FB29F00179CE6 /* main.m in Sources */,
				14F57D711CA39BD500B338C8 /* HomeListManager.m in Sources */,
				14D0AD9D1CA42AB8005BBC65 /* TopTableViewCell.m in Sources */,
				14F57D7E1CA3F14500B338C8 /* SockView.m in Sources */,
				04B9220C1CA0ED7200D37977 /* AnimationViewController.m in Sources */,
			);
			runOnlyForDeploymentPostprocessing = 0;
		};
/* End PBXSourcesBuildPhase section */

/* Begin PBXVariantGroup section */
		148B333D1C9FB29F00179CE6 /* LaunchScreen.storyboard */ = {
			isa = PBXVariantGroup;
			children = (
				148B333E1C9FB29F00179CE6 /* Base */,
			);
			name = LaunchScreen.storyboard;
			sourceTree = "<group>";
		};
/* End PBXVariantGroup section */

/* Begin XCBuildConfiguration section */
		148B33411C9FB29F00179CE6 /* Debug */ = {
			isa = XCBuildConfiguration;
			buildSettings = {
				ALWAYS_SEARCH_USER_PATHS = NO;
				CLANG_CXX_LANGUAGE_STANDARD = "gnu++0x";
				CLANG_CXX_LIBRARY = "libc++";
				CLANG_ENABLE_MODULES = YES;
				CLANG_ENABLE_OBJC_ARC = YES;
				CLANG_WARN_BOOL_CONVERSION = YES;
				CLANG_WARN_CONSTANT_CONVERSION = YES;
				CLANG_WARN_DIRECT_OBJC_ISA_USAGE = YES_ERROR;
				CLANG_WARN_EMPTY_BODY = YES;
				CLANG_WARN_ENUM_CONVERSION = YES;
				CLANG_WARN_INT_CONVERSION = YES;
				CLANG_WARN_OBJC_ROOT_CLASS = YES_ERROR;
				CLANG_WARN_UNREACHABLE_CODE = YES;
				CLANG_WARN__DUPLICATE_METHOD_MATCH = YES;
				"CODE_SIGN_IDENTITY[sdk=iphoneos*]" = "iPhone Developer";
				COPY_PHASE_STRIP = NO;
				DEBUG_INFORMATION_FORMAT = dwarf;
				ENABLE_STRICT_OBJC_MSGSEND = YES;
				ENABLE_TESTABILITY = YES;
				GCC_C_LANGUAGE_STANDARD = gnu99;
				GCC_DYNAMIC_NO_PIC = NO;
				GCC_NO_COMMON_BLOCKS = YES;
				GCC_OPTIMIZATION_LEVEL = 0;
				GCC_PREPROCESSOR_DEFINITIONS = (
					"DEBUG=1",
					"$(inherited)",
				);
				GCC_WARN_64_TO_32_BIT_CONVERSION = YES;
				GCC_WARN_ABOUT_RETURN_TYPE = YES_ERROR;
				GCC_WARN_UNDECLARED_SELECTOR = YES;
				GCC_WARN_UNINITIALIZED_AUTOS = YES_AGGRESSIVE;
				GCC_WARN_UNUSED_FUNCTION = YES;
				GCC_WARN_UNUSED_VARIABLE = YES;
				IPHONEOS_DEPLOYMENT_TARGET = 9.2;
				MTL_ENABLE_DEBUG_INFO = YES;
				ONLY_ACTIVE_ARCH = YES;
				SDKROOT = iphoneos;
				TARGETED_DEVICE_FAMILY = "1,2";
			};
			name = Debug;
		};
		148B33421C9FB29F00179CE6 /* Release */ = {
			isa = XCBuildConfiguration;
			buildSettings = {
				ALWAYS_SEARCH_USER_PATHS = NO;
				CLANG_CXX_LANGUAGE_STANDARD = "gnu++0x";
				CLANG_CXX_LIBRARY = "libc++";
				CLANG_ENABLE_MODULES = YES;
				CLANG_ENABLE_OBJC_ARC = YES;
				CLANG_WARN_BOOL_CONVERSION = YES;
				CLANG_WARN_CONSTANT_CONVERSION = YES;
				CLANG_WARN_DIRECT_OBJC_ISA_USAGE = YES_ERROR;
				CLANG_WARN_EMPTY_BODY = YES;
				CLANG_WARN_ENUM_CONVERSION = YES;
				CLANG_WARN_INT_CONVERSION = YES;
				CLANG_WARN_OBJC_ROOT_CLASS = YES_ERROR;
				CLANG_WARN_UNREACHABLE_CODE = YES;
				CLANG_WARN__DUPLICATE_METHOD_MATCH = YES;
				"CODE_SIGN_IDENTITY[sdk=iphoneos*]" = "iPhone Developer";
				COPY_PHASE_STRIP = NO;
				DEBUG_INFORMATION_FORMAT = "dwarf-with-dsym";
				ENABLE_NS_ASSERTIONS = NO;
				ENABLE_STRICT_OBJC_MSGSEND = YES;
				GCC_C_LANGUAGE_STANDARD = gnu99;
				GCC_NO_COMMON_BLOCKS = YES;
				GCC_WARN_64_TO_32_BIT_CONVERSION = YES;
				GCC_WARN_ABOUT_RETURN_TYPE = YES_ERROR;
				GCC_WARN_UNDECLARED_SELECTOR = YES;
				GCC_WARN_UNINITIALIZED_AUTOS = YES_AGGRESSIVE;
				GCC_WARN_UNUSED_FUNCTION = YES;
				GCC_WARN_UNUSED_VARIABLE = YES;
				IPHONEOS_DEPLOYMENT_TARGET = 9.2;
				MTL_ENABLE_DEBUG_INFO = NO;
				SDKROOT = iphoneos;
				TARGETED_DEVICE_FAMILY = "1,2";
				VALIDATE_PRODUCT = YES;
			};
			name = Release;
		};
		148B33441C9FB29F00179CE6 /* Debug */ = {
			isa = XCBuildConfiguration;
			baseConfigurationReference = E9AA0A1FC6C5323560FC26C9 /* Pods.debug.xcconfig */;
			buildSettings = {
				ASSETCATALOG_COMPILER_APPICON_NAME = AppIcon;
				ASSETCATALOG_COMPILER_LAUNCHIMAGE_NAME = LaunchImage;
				CODE_SIGN_IDENTITY = "iPhone Developer: Lin Tang (C8ULB4NKWX)";
				GCC_PRECOMPILE_PREFIX_HEADER = YES;
				GCC_PREFIX_HEADER = "/Users/cheng/THREEJIA/GeGeJia/GeGeJia/GeGeJia-PrefixHeader.pch";
				INFOPLIST_FILE = GeGeJia/Info.plist;
				LD_RUNPATH_SEARCH_PATHS = "$(inherited) @executable_path/Frameworks";
				OTHER_LDFLAGS = (
					"$(inherited)",
					"-ObjC",
					"-l\"AFNetworking\"",
					"-l\"RDVTabBarController\"",
					"-l\"WeChatSDK\"",
					"-l\"WeiboSDK\"",
					"-l\"icucore\"",
					"-l\"sqlite3\"",
					"-l\"stdc++\"",
					"-l\"z\"",
					"-l\"z.1.2.5\"",
					"-framework",
					"\"AddressBook\"",
					"-framework",
					"\"AddressBookUI\"",
					"-framework",
					"\"CoreGraphics\"",
					"-framework",
					"\"Foundation\"",
					"-framework",
					"\"ImageIO\"",
					"-framework",
					"\"JavaScriptCore\"",
					"-framework",
					"\"MOBFoundation\"",
					"-framework",
					"\"MessageUI\"",
					"-framework",
					"\"MobileCoreServices\"",
					"-framework",
					"\"SMS_SDK\"",
					"-framework",
					"\"Security\"",
					"-framework",
					"\"ShareSDK\"",
					"-framework",
					"\"ShareSDKConnector\"",
					"-framework",
					"\"ShareSDKExtension\"",
					"-framework",
					"\"SystemConfiguration\"",
					"-framework",
					"\"TencentOpenAPI\"",
					"-framework",
					"\"UIKit\"",
					"-ObjC",
				);
				PRODUCT_BUNDLE_IDENTIFIER = Free.GeGeJia;
				PRODUCT_NAME = "$(TARGET_NAME)";
				PROVISIONING_PROFILE = "29f559dd-2e74-41cd-9c73-2bc4ee01185a";
				TARGETED_DEVICE_FAMILY = 1;
			};
			name = Debug;
		};
		148B33451C9FB29F00179CE6 /* Release */ = {
			isa = XCBuildConfiguration;
			baseConfigurationReference = 338E16DB9706D1A6ABF2FACC /* Pods.release.xcconfig */;
			buildSettings = {
				ASSETCATALOG_COMPILER_APPICON_NAME = AppIcon;
				ASSETCATALOG_COMPILER_LAUNCHIMAGE_NAME = LaunchImage;
				CODE_SIGN_IDENTITY = "iPhone Developer: Lin Tang (C8ULB4NKWX)";
				GCC_PRECOMPILE_PREFIX_HEADER = YES;
				GCC_PREFIX_HEADER = "/Users/cheng/THREEJIA/GeGeJia/GeGeJia/GeGeJia-PrefixHeader.pch";
				INFOPLIST_FILE = GeGeJia/Info.plist;
				LD_RUNPATH_SEARCH_PATHS = "$(inherited) @executable_path/Frameworks";
				OTHER_LDFLAGS = (
					"$(inherited)",
					"-ObjC",
					"-l\"AFNetworking\"",
					"-l\"RDVTabBarController\"",
					"-l\"WeChatSDK\"",
					"-l\"WeiboSDK\"",
					"-l\"icucore\"",
					"-l\"sqlite3\"",
					"-l\"stdc++\"",
					"-l\"z\"",
					"-l\"z.1.2.5\"",
					"-framework",
					"\"AddressBook\"",
					"-framework",
					"\"AddressBookUI\"",
					"-framework",
					"\"CoreGraphics\"",
					"-framework",
					"\"Foundation\"",
					"-framework",
					"\"ImageIO\"",
					"-framework",
					"\"JavaScriptCore\"",
					"-framework",
					"\"MOBFoundation\"",
					"-framework",
					"\"MessageUI\"",
					"-framework",
					"\"MobileCoreServices\"",
					"-framework",
					"\"SMS_SDK\"",
					"-framework",
					"\"Security\"",
					"-framework",
					"\"ShareSDK\"",
					"-framework",
					"\"ShareSDKConnector\"",
					"-framework",
					"\"ShareSDKExtension\"",
					"-framework",
					"\"SystemConfiguration\"",
					"-framework",
					"\"TencentOpenAPI\"",
					"-framework",
					"\"UIKit\"",
					"-ObjC",
				);
				PRODUCT_BUNDLE_IDENTIFIER = Free.GeGeJia;
				PRODUCT_NAME = "$(TARGET_NAME)";
				PROVISIONING_PROFILE = "29f559dd-2e74-41cd-9c73-2bc4ee01185a";
				TARGETED_DEVICE_FAMILY = 1;
			};
			name = Release;
		};
/* End XCBuildConfiguration section */

/* Begin XCConfigurationList section */
		148B33271C9FB29F00179CE6 /* Build configuration list for PBXProject "GeGeJia" */ = {
			isa = XCConfigurationList;
			buildConfigurations = (
				148B33411C9FB29F00179CE6 /* Debug */,
				148B33421C9FB29F00179CE6 /* Release */,
			);
			defaultConfigurationIsVisible = 0;
			defaultConfigurationName = Release;
		};
		148B33431C9FB29F00179CE6 /* Build configuration list for PBXNativeTarget "GeGeJia" */ = {
			isa = XCConfigurationList;
			buildConfigurations = (
				148B33441C9FB29F00179CE6 /* Debug */,
				148B33451C9FB29F00179CE6 /* Release */,
			);
			defaultConfigurationIsVisible = 0;
			defaultConfigurationName = Release;
		};
/* End XCConfigurationList section */
	};
	rootObject = 148B33241C9FB29F00179CE6 /* Project object */;
}
