// !$*UTF8*$!
{
	archiveVersion = 1;
	classes = {
	};
	objectVersion = 46;
	objects = {

/* Begin PBXBuildFile section */
		04B9220C1CA0ED7200D37977 /* AnimationViewController.m in Sources */ = {isa = PBXBuildFile; fileRef = 04B9220B1CA0ED7200D37977 /* AnimationViewController.m */; };
		04B9220F1CA0ED8E00D37977 /* AppDelegate.m in Sources */ = {isa = PBXBuildFile; fileRef = 04B9220E1CA0ED8E00D37977 /* AppDelegate.m */; };
		04B922111CA0EDDF00D37977 /* YR.storyboard in Resources */ = {isa = PBXBuildFile; fileRef = 04B922101CA0EDDF00D37977 /* YR.storyboard */; };
		04B922151CA0EE0F00D37977 /* AFManager.m in Sources */ = {isa = PBXBuildFile; fileRef = 04B922141CA0EE0F00D37977 /* AFManager.m */; };
		04B922181CA0EE5300D37977 /* YrFirstInViewController.m in Sources */ = {isa = PBXBuildFile; fileRef = 04B922171CA0EE5300D37977 /* YrFirstInViewController.m */; };
		1427F4B51C9FDFBC00442AFA /* LHB.storyboard in Resources */ = {isa = PBXBuildFile; fileRef = 1427F4B41C9FDFBC00442AFA /* LHB.storyboard */; };
		1427F4BB1C9FE40800442AFA /* DetailTableViewCell.m in Sources */ = {isa = PBXBuildFile; fileRef = 1427F4B91C9FE40800442AFA /* DetailTableViewCell.m */; };
		1427F4BC1C9FE40800442AFA /* DetailTableViewCell.xib in Resources */ = {isa = PBXBuildFile; fileRef = 1427F4BA1C9FE40800442AFA /* DetailTableViewCell.xib */; };
		144AFAE21C9FD1B0006AEFFB /* TopTableViewCell.m in Sources */ = {isa = PBXBuildFile; fileRef = 144AFAE01C9FD1B0006AEFFB /* TopTableViewCell.m */; };
		144AFAE31C9FD1B0006AEFFB /* TopTableViewCell.xib in Resources */ = {isa = PBXBuildFile; fileRef = 144AFAE11C9FD1B0006AEFFB /* TopTableViewCell.xib */; };
		148B33311C9FB29F00179CE6 /* main.m in Sources */ = {isa = PBXBuildFile; fileRef = 148B33301C9FB29F00179CE6 /* main.m */; };
		148B33371C9FB29F00179CE6 /* ViewController.m in Sources */ = {isa = PBXBuildFile; fileRef = 148B33361C9FB29F00179CE6 /* ViewController.m */; };
		148B333A1C9FB29F00179CE6 /* TLMain.storyboard in Resources */ = {isa = PBXBuildFile; fileRef = 148B33381C9FB29F00179CE6 /* TLMain.storyboard */; };
		04A04D591C9FE2460032BD2B /* YrFirstInViewController.m in Sources */ = {isa = PBXBuildFile; fileRef = 04A04D581C9FE2460032BD2B /* YrFirstInViewController.m */; };
		1427F4B51C9FDFBC00442AFA /* LHB.storyboard in Resources */ = {isa = PBXBuildFile; fileRef = 1427F4B41C9FDFBC00442AFA /* LHB.storyboard */; };
		1427F4B71C9FDFC500442AFA /* YR.storyboard in Resources */ = {isa = PBXBuildFile; fileRef = 1427F4B61C9FDFC500442AFA /* YR.storyboard */; };
		1427F4BB1C9FE40800442AFA /* DetailTableViewCell.m in Sources */ = {isa = PBXBuildFile; fileRef = 1427F4B91C9FE40800442AFA /* DetailTableViewCell.m */; };
		1427F4BC1C9FE40800442AFA /* DetailTableViewCell.xib in Resources */ = {isa = PBXBuildFile; fileRef = 1427F4BA1C9FE40800442AFA /* DetailTableViewCell.xib */; };
		144AFAE21C9FD1B0006AEFFB /* TopTableViewCell.m in Sources */ = {isa = PBXBuildFile; fileRef = 144AFAE01C9FD1B0006AEFFB /* TopTableViewCell.m */; };
		145933E51CA0EF6C00C31E09 /* a.jpeg in Resources */ = {isa = PBXBuildFile; fileRef = 145933E41CA0EF6C00C31E09 /* a.jpeg */; };
		145933E71CA0EF8600C31E09 /* TLMain.storyboard in Resources */ = {isa = PBXBuildFile; fileRef = 145933E61CA0EF8600C31E09 /* TLMain.storyboard */; };
		145933E91CA0F00100C31E09 /* TopTableViewCell.xib in Resources */ = {isa = PBXBuildFile; fileRef = 145933E81CA0F00100C31E09 /* TopTableViewCell.xib */; };
		145933EC1CA0F02900C31E09 /* MainViewController.m in Sources */ = {isa = PBXBuildFile; fileRef = 145933EB1CA0F02900C31E09 /* MainViewController.m */; };
		145933EE1CA0F52400C31E09 /* b.png in Resources */ = {isa = PBXBuildFile; fileRef = 145933ED1CA0F52400C31E09 /* b.png */; };
		148B33311C9FB29F00179CE6 /* main.m in Sources */ = {isa = PBXBuildFile; fileRef = 148B33301C9FB29F00179CE6 /* main.m */; };
		148B33341C9FB29F00179CE6 /* AppDelegate.m in Sources */ = {isa = PBXBuildFile; fileRef = 148B33331C9FB29F00179CE6 /* AppDelegate.m */; };
		148B333C1C9FB29F00179CE6 /* Assets.xcassets in Resources */ = {isa = PBXBuildFile; fileRef = 148B333B1C9FB29F00179CE6 /* Assets.xcassets */; };
		148B333F1C9FB29F00179CE6 /* LaunchScreen.storyboard in Resources */ = {isa = PBXBuildFile; fileRef = 148B333D1C9FB29F00179CE6 /* LaunchScreen.storyboard */; };
		5489AA6AC640F34E8BA03F58 /* libPods.a in Frameworks */ = {isa = PBXBuildFile; fileRef = 30060AC1FF5B69398352EB81 /* libPods.a */; };
		89127D2C1CA02CB60087FF09 /* ShopingViewController.m in Sources */ = {isa = PBXBuildFile; fileRef = 89127D2B1CA02CB60087FF09 /* ShopingViewController.m */; };
		89127D2F1CA02FCD0087FF09 /* TableViewCell1.m in Sources */ = {isa = PBXBuildFile; fileRef = 89127D2E1CA02FCD0087FF09 /* TableViewCell1.m */; };
		89127D321CA02FDE0087FF09 /* TableViewCell2.m in Sources */ = {isa = PBXBuildFile; fileRef = 89127D311CA02FDE0087FF09 /* TableViewCell2.m */; };
/* End PBXBuildFile section */

/* Begin PBXFileReference section */
		04B9220A1CA0ED7200D37977 /* AnimationViewController.h */ = {isa = PBXFileReference; fileEncoding = 4; lastKnownFileType = sourcecode.c.h; path = AnimationViewController.h; sourceTree = "<group>"; };
		04B9220B1CA0ED7200D37977 /* AnimationViewController.m */ = {isa = PBXFileReference; fileEncoding = 4; lastKnownFileType = sourcecode.c.objc; path = AnimationViewController.m; sourceTree = "<group>"; };
		04B9220D1CA0ED8E00D37977 /* AppDelegate.h */ = {isa = PBXFileReference; fileEncoding = 4; lastKnownFileType = sourcecode.c.h; path = AppDelegate.h; sourceTree = "<group>"; };
		04B9220E1CA0ED8E00D37977 /* AppDelegate.m */ = {isa = PBXFileReference; fileEncoding = 4; lastKnownFileType = sourcecode.c.objc; path = AppDelegate.m; sourceTree = "<group>"; };
		04B922101CA0EDDF00D37977 /* YR.storyboard */ = {isa = PBXFileReference; fileEncoding = 4; lastKnownFileType = file.storyboard; path = YR.storyboard; sourceTree = "<group>"; };
		04B922131CA0EE0F00D37977 /* AFManager.h */ = {isa = PBXFileReference; fileEncoding = 4; lastKnownFileType = sourcecode.c.h; path = AFManager.h; sourceTree = "<group>"; };
		04B922141CA0EE0F00D37977 /* AFManager.m */ = {isa = PBXFileReference; fileEncoding = 4; lastKnownFileType = sourcecode.c.objc; path = AFManager.m; sourceTree = "<group>"; };
		04B922161CA0EE5300D37977 /* YrFirstInViewController.h */ = {isa = PBXFileReference; fileEncoding = 4; lastKnownFileType = sourcecode.c.h; path = YrFirstInViewController.h; sourceTree = "<group>"; };
		04B922171CA0EE5300D37977 /* YrFirstInViewController.m */ = {isa = PBXFileReference; fileEncoding = 4; lastKnownFileType = sourcecode.c.objc; path = YrFirstInViewController.m; sourceTree = "<group>"; };
		1427F4B41C9FDFBC00442AFA /* LHB.storyboard */ = {isa = PBXFileReference; fileEncoding = 4; lastKnownFileType = file.storyboard; path = LHB.storyboard; sourceTree = "<group>"; };
		04A04D571C9FE2460032BD2B /* YrFirstInViewController.h */ = {isa = PBXFileReference; fileEncoding = 4; lastKnownFileType = sourcecode.c.h; path = YrFirstInViewController.h; sourceTree = "<group>"; };
		04A04D581C9FE2460032BD2B /* YrFirstInViewController.m */ = {isa = PBXFileReference; fileEncoding = 4; lastKnownFileType = sourcecode.c.objc; path = YrFirstInViewController.m; sourceTree = "<group>"; };
		1427F4B41C9FDFBC00442AFA /* LHB.storyboard */ = {isa = PBXFileReference; fileEncoding = 4; lastKnownFileType = file.storyboard; path = LHB.storyboard; sourceTree = "<group>"; };
		1427F4B61C9FDFC500442AFA /* YR.storyboard */ = {isa = PBXFileReference; fileEncoding = 4; lastKnownFileType = file.storyboard; path = YR.storyboard; sourceTree = "<group>"; };
		1427F4B81C9FE40800442AFA /* DetailTableViewCell.h */ = {isa = PBXFileReference; fileEncoding = 4; lastKnownFileType = sourcecode.c.h; path = DetailTableViewCell.h; sourceTree = "<group>"; };
		1427F4B91C9FE40800442AFA /* DetailTableViewCell.m */ = {isa = PBXFileReference; fileEncoding = 4; lastKnownFileType = sourcecode.c.objc; path = DetailTableViewCell.m; sourceTree = "<group>"; };
		1427F4BA1C9FE40800442AFA /* DetailTableViewCell.xib */ = {isa = PBXFileReference; fileEncoding = 4; lastKnownFileType = file.xib; path = DetailTableViewCell.xib; sourceTree = "<group>"; };
		144AFADF1C9FD1B0006AEFFB /* TopTableViewCell.h */ = {isa = PBXFileReference; fileEncoding = 4; lastKnownFileType = sourcecode.c.h; path = TopTableViewCell.h; sourceTree = "<group>"; };
		144AFAE01C9FD1B0006AEFFB /* TopTableViewCell.m */ = {isa = PBXFileReference; fileEncoding = 4; lastKnownFileType = sourcecode.c.objc; path = TopTableViewCell.m; sourceTree = "<group>"; };
		144AFAE11C9FD1B0006AEFFB /* TopTableViewCell.xib */ = {isa = PBXFileReference; fileEncoding = 4; lastKnownFileType = file.xib; path = TopTableViewCell.xib; sourceTree = "<group>"; };
		148B332C1C9FB29F00179CE6 /* GeGeJia.app */ = {isa = PBXFileReference; explicitFileType = wrapper.application; includeInIndex = 0; path = GeGeJia.app; sourceTree = BUILT_PRODUCTS_DIR; };
		148B33301C9FB29F00179CE6 /* main.m */ = {isa = PBXFileReference; lastKnownFileType = sourcecode.c.objc; path = main.m; sourceTree = "<group>"; };
		148B33351C9FB29F00179CE6 /* ViewController.h */ = {isa = PBXFileReference; lastKnownFileType = sourcecode.c.h; path = ViewController.h; sourceTree = "<group>"; };
		148B33361C9FB29F00179CE6 /* ViewController.m */ = {isa = PBXFileReference; lastKnownFileType = sourcecode.c.objc; path = ViewController.m; sourceTree = "<group>"; };
		148B33391C9FB29F00179CE6 /* Base */ = {isa = PBXFileReference; lastKnownFileType = file.storyboard; name = Base; path = Base.lproj/TLMain.storyboard; sourceTree = "<group>"; };
		145933E41CA0EF6C00C31E09 /* a.jpeg */ = {isa = PBXFileReference; lastKnownFileType = image.jpeg; path = a.jpeg; sourceTree = "<group>"; };
		145933E61CA0EF8600C31E09 /* TLMain.storyboard */ = {isa = PBXFileReference; fileEncoding = 4; lastKnownFileType = file.storyboard; path = TLMain.storyboard; sourceTree = "<group>"; };
		145933E81CA0F00100C31E09 /* TopTableViewCell.xib */ = {isa = PBXFileReference; fileEncoding = 4; lastKnownFileType = file.xib; path = TopTableViewCell.xib; sourceTree = "<group>"; };
		145933EA1CA0F02900C31E09 /* MainViewController.h */ = {isa = PBXFileReference; fileEncoding = 4; lastKnownFileType = sourcecode.c.h; path = MainViewController.h; sourceTree = "<group>"; };
		145933EB1CA0F02900C31E09 /* MainViewController.m */ = {isa = PBXFileReference; fileEncoding = 4; lastKnownFileType = sourcecode.c.objc; path = MainViewController.m; sourceTree = "<group>"; };
		145933ED1CA0F52400C31E09 /* b.png */ = {isa = PBXFileReference; lastKnownFileType = image.png; path = b.png; sourceTree = "<group>"; };
		148B332C1C9FB29F00179CE6 /* GeGeJia.app */ = {isa = PBXFileReference; explicitFileType = wrapper.application; includeInIndex = 0; path = GeGeJia.app; sourceTree = BUILT_PRODUCTS_DIR; };
		148B33301C9FB29F00179CE6 /* main.m */ = {isa = PBXFileReference; lastKnownFileType = sourcecode.c.objc; path = main.m; sourceTree = "<group>"; };
		148B33321C9FB29F00179CE6 /* AppDelegate.h */ = {isa = PBXFileReference; lastKnownFileType = sourcecode.c.h; path = AppDelegate.h; sourceTree = "<group>"; };
		148B33331C9FB29F00179CE6 /* AppDelegate.m */ = {isa = PBXFileReference; lastKnownFileType = sourcecode.c.objc; path = AppDelegate.m; sourceTree = "<group>"; };
		148B333B1C9FB29F00179CE6 /* Assets.xcassets */ = {isa = PBXFileReference; lastKnownFileType = folder.assetcatalog; path = Assets.xcassets; sourceTree = "<group>"; };
		148B333E1C9FB29F00179CE6 /* Base */ = {isa = PBXFileReference; lastKnownFileType = file.storyboard; name = Base; path = Base.lproj/LaunchScreen.storyboard; sourceTree = "<group>"; };
		148B33401C9FB29F00179CE6 /* Info.plist */ = {isa = PBXFileReference; lastKnownFileType = text.plist.xml; path = Info.plist; sourceTree = "<group>"; };
		30060AC1FF5B69398352EB81 /* libPods.a */ = {isa = PBXFileReference; explicitFileType = archive.ar; includeInIndex = 0; path = libPods.a; sourceTree = BUILT_PRODUCTS_DIR; };
		338E16DB9706D1A6ABF2FACC /* Pods.release.xcconfig */ = {isa = PBXFileReference; includeInIndex = 1; lastKnownFileType = text.xcconfig; name = Pods.release.xcconfig; path = "Pods/Target Support Files/Pods/Pods.release.xcconfig"; sourceTree = "<group>"; };
		89127D2A1CA02CB60087FF09 /* ShopingViewController.h */ = {isa = PBXFileReference; fileEncoding = 4; lastKnownFileType = sourcecode.c.h; path = ShopingViewController.h; sourceTree = "<group>"; };
		89127D2B1CA02CB60087FF09 /* ShopingViewController.m */ = {isa = PBXFileReference; fileEncoding = 4; lastKnownFileType = sourcecode.c.objc; path = ShopingViewController.m; sourceTree = "<group>"; };
		89127D2D1CA02FCD0087FF09 /* TableViewCell1.h */ = {isa = PBXFileReference; fileEncoding = 4; lastKnownFileType = sourcecode.c.h; path = TableViewCell1.h; sourceTree = "<group>"; };
		89127D2E1CA02FCD0087FF09 /* TableViewCell1.m */ = {isa = PBXFileReference; fileEncoding = 4; lastKnownFileType = sourcecode.c.objc; path = TableViewCell1.m; sourceTree = "<group>"; };
		89127D301CA02FDE0087FF09 /* TableViewCell2.h */ = {isa = PBXFileReference; fileEncoding = 4; lastKnownFileType = sourcecode.c.h; path = TableViewCell2.h; sourceTree = "<group>"; };
		89127D311CA02FDE0087FF09 /* TableViewCell2.m */ = {isa = PBXFileReference; fileEncoding = 4; lastKnownFileType = sourcecode.c.objc; path = TableViewCell2.m; sourceTree = "<group>"; };
		E9AA0A1FC6C5323560FC26C9 /* Pods.debug.xcconfig */ = {isa = PBXFileReference; includeInIndex = 1; lastKnownFileType = text.xcconfig; name = Pods.debug.xcconfig; path = "Pods/Target Support Files/Pods/Pods.debug.xcconfig"; sourceTree = "<group>"; };
/* End PBXFileReference section */

/* Begin PBXFrameworksBuildPhase section */
		148B33291C9FB29F00179CE6 /* Frameworks */ = {
			isa = PBXFrameworksBuildPhase;
			buildActionMask = 2147483647;
			files = (
				5489AA6AC640F34E8BA03F58 /* libPods.a in Frameworks */,
			);
			runOnlyForDeploymentPostprocessing = 0;
		};
/* End PBXFrameworksBuildPhase section */

/* Begin PBXGroup section */
		04B922121CA0EE0100D37977 /* Helper */ = {
			isa = PBXGroup;
			children = (
				04B922131CA0EE0F00D37977 /* AFManager.h */,
				04B922141CA0EE0F00D37977 /* AFManager.m */,
			);
			name = Helper;
			sourceTree = "<group>";
		};
		1427F4AB1C9FDC3D00442AFA /* TL */ = {
			isa = PBXGroup;
			children = (
				1427F4B11C9FDD6B00442AFA /* manager */,
				1427F4AF1C9FDD3F00442AFA /* customCells */,
				1427F4B01C9FDD5B00442AFA /* VC */,
				148B33381C9FB29F00179CE6 /* TLMain.storyboard */,
				145933E61CA0EF8600C31E09 /* TLMain.storyboard */,
			);
			name = TL;
			sourceTree = "<group>";
		};
		1427F4AC1C9FDC4B00442AFA /* YR */ = {
			isa = PBXGroup;
			children = (
				04B922101CA0EDDF00D37977 /* YR.storyboard */,
				04B922161CA0EE5300D37977 /* YrFirstInViewController.h */,
				04B922171CA0EE5300D37977 /* YrFirstInViewController.m */,
				04B9220A1CA0ED7200D37977 /* AnimationViewController.h */,
				04B9220B1CA0ED7200D37977 /* AnimationViewController.m */,
				1427F4B61C9FDFC500442AFA /* YR.storyboard */,
				04A04D571C9FE2460032BD2B /* YrFirstInViewController.h */,
				04A04D581C9FE2460032BD2B /* YrFirstInViewController.m */,
			);
			name = YR;
			sourceTree = "<group>";
		};
		1427F4AD1C9FDC5300442AFA /* LHB */ = {
			isa = PBXGroup;
			children = (
				1427F4B41C9FDFBC00442AFA /* LHB.storyboard */,
				89127D2A1CA02CB60087FF09 /* ShopingViewController.h */,
				89127D2B1CA02CB60087FF09 /* ShopingViewController.m */,
				89127D2D1CA02FCD0087FF09 /* TableViewCell1.h */,
				89127D2E1CA02FCD0087FF09 /* TableViewCell1.m */,
				89127D301CA02FDE0087FF09 /* TableViewCell2.h */,
				89127D311CA02FDE0087FF09 /* TableViewCell2.m */,
			);
			name = LHB;
			sourceTree = "<group>";
		};
		1427F4AE1C9FDC8900442AFA /* AppDelegate */ = {
			isa = PBXGroup;
			children = (
				04B9220D1CA0ED8E00D37977 /* AppDelegate.h */,
				04B9220E1CA0ED8E00D37977 /* AppDelegate.m */,
				148B33321C9FB29F00179CE6 /* AppDelegate.h */,
				148B33331C9FB29F00179CE6 /* AppDelegate.m */,
			);
			name = AppDelegate;
			sourceTree = "<group>";
		};
		1427F4AF1C9FDD3F00442AFA /* customCells */ = {
			isa = PBXGroup;
			children = (
				144AFADF1C9FD1B0006AEFFB /* TopTableViewCell.h */,
				144AFAE01C9FD1B0006AEFFB /* TopTableViewCell.m */,
				144AFAE11C9FD1B0006AEFFB /* TopTableViewCell.xib */,
				145933E81CA0F00100C31E09 /* TopTableViewCell.xib */,
				1427F4B81C9FE40800442AFA /* DetailTableViewCell.h */,
				1427F4B91C9FE40800442AFA /* DetailTableViewCell.m */,
				1427F4BA1C9FE40800442AFA /* DetailTableViewCell.xib */,
			);
			name = customCells;
			sourceTree = "<group>";
		};
		1427F4B01C9FDD5B00442AFA /* VC */ = {
			isa = PBXGroup;
			children = (
				148B33351C9FB29F00179CE6 /* ViewController.h */,
				148B33361C9FB29F00179CE6 /* ViewController.m */,
				145933EA1CA0F02900C31E09 /* MainViewController.h */,
				145933EB1CA0F02900C31E09 /* MainViewController.m */,
			);
			name = VC;
			sourceTree = "<group>";
		};
		1427F4B11C9FDD6B00442AFA /* manager */ = {
			isa = PBXGroup;
			children = (
			);
			name = manager;
			sourceTree = "<group>";
		};
		148B33231C9FB29F00179CE6 = {
			isa = PBXGroup;
			children = (
				145933E41CA0EF6C00C31E09 /* a.jpeg */,
				145933ED1CA0F52400C31E09 /* b.png */,
				148B332E1C9FB29F00179CE6 /* GeGeJia */,
				148B332D1C9FB29F00179CE6 /* Products */,
				159A8033FEBC5DF96D4CB0F4 /* Pods */,
				A32BDE99DC484F58BFD6AB4A /* Frameworks */,
			);
			sourceTree = "<group>";
		};
		148B332D1C9FB29F00179CE6 /* Products */ = {
			isa = PBXGroup;
			children = (
				148B332C1C9FB29F00179CE6 /* GeGeJia.app */,
			);
			name = Products;
			sourceTree = "<group>";
		};
		148B332E1C9FB29F00179CE6 /* GeGeJia */ = {
			isa = PBXGroup;
			children = (
				04B922121CA0EE0100D37977 /* Helper */,
				1427F4AE1C9FDC8900442AFA /* AppDelegate */,
				1427F4AC1C9FDC4B00442AFA /* YR */,
				1427F4AD1C9FDC5300442AFA /* LHB */,
				1427F4AB1C9FDC3D00442AFA /* TL */,
				148B333B1C9FB29F00179CE6 /* Assets.xcassets */,
				148B333D1C9FB29F00179CE6 /* LaunchScreen.storyboard */,
				148B33401C9FB29F00179CE6 /* Info.plist */,
				148B332F1C9FB29F00179CE6 /* Supporting Files */,
			);
			path = GeGeJia;
			sourceTree = "<group>";
		};
		148B332F1C9FB29F00179CE6 /* Supporting Files */ = {
			isa = PBXGroup;
			children = (
				148B33301C9FB29F00179CE6 /* main.m */,
			);
			name = "Supporting Files";
			sourceTree = "<group>";
		};
		159A8033FEBC5DF96D4CB0F4 /* Pods */ = {
			isa = PBXGroup;
			children = (
				E9AA0A1FC6C5323560FC26C9 /* Pods.debug.xcconfig */,
				338E16DB9706D1A6ABF2FACC /* Pods.release.xcconfig */,
			);
			name = Pods;
			sourceTree = "<group>";
		};
		A32BDE99DC484F58BFD6AB4A /* Frameworks */ = {
			isa = PBXGroup;
			children = (
				30060AC1FF5B69398352EB81 /* libPods.a */,
			);
			name = Frameworks;
			sourceTree = "<group>";
		};
/* End PBXGroup section */

/* Begin PBXNativeTarget section */
		148B332B1C9FB29F00179CE6 /* GeGeJia */ = {
			isa = PBXNativeTarget;
			buildConfigurationList = 148B33431C9FB29F00179CE6 /* Build configuration list for PBXNativeTarget "GeGeJia" */;
			buildPhases = (
				51882DF2D7D400805A6F9E47 /* Check Pods Manifest.lock */,
				148B33281C9FB29F00179CE6 /* Sources */,
				148B33291C9FB29F00179CE6 /* Frameworks */,
				148B332A1C9FB29F00179CE6 /* Resources */,
				5340B60022FD9151EE0C9B72 /* Embed Pods Frameworks */,
				92FCCC213AB03C1FC130D23E /* Copy Pods Resources */,
			);
			buildRules = (
			);
			dependencies = (
			);
			name = GeGeJia;
			productName = GeGeJia;
			productReference = 148B332C1C9FB29F00179CE6 /* GeGeJia.app */;
			productType = "com.apple.product-type.application";
		};
/* End PBXNativeTarget section */

/* Begin PBXProject section */
		148B33241C9FB29F00179CE6 /* Project object */ = {
			isa = PBXProject;
			attributes = {
				LastUpgradeCheck = 0720;
				ORGANIZATIONNAME = Tony;
				TargetAttributes = {
					148B332B1C9FB29F00179CE6 = {
						CreatedOnToolsVersion = 7.2;
					};
				};
			};
			buildConfigurationList = 148B33271C9FB29F00179CE6 /* Build configuration list for PBXProject "GeGeJia" */;
			compatibilityVersion = "Xcode 3.2";
			developmentRegion = English;
			hasScannedForEncodings = 0;
			knownRegions = (
				en,
				Base,
			);
			mainGroup = 148B33231C9FB29F00179CE6;
			productRefGroup = 148B332D1C9FB29F00179CE6 /* Products */;
			projectDirPath = "";
			projectRoot = "";
			targets = (
				148B332B1C9FB29F00179CE6 /* GeGeJia */,
			);
		};
/* End PBXProject section */

/* Begin PBXResourcesBuildPhase section */
		148B332A1C9FB29F00179CE6 /* Resources */ = {
			isa = PBXResourcesBuildPhase;
			buildActionMask = 2147483647;
			files = (
				148B333F1C9FB29F00179CE6 /* LaunchScreen.storyboard in Resources */,
				148B333C1C9FB29F00179CE6 /* Assets.xcassets in Resources */,
				144AFAE31C9FD1B0006AEFFB /* TopTableViewCell.xib in Resources */,
				148B333A1C9FB29F00179CE6 /* TLMain.storyboard in Resources */,
				1427F4BC1C9FE40800442AFA /* DetailTableViewCell.xib in Resources */,
				04B922111CA0EDDF00D37977 /* YR.storyboard in Resources */,
				1427F4B51C9FDFBC00442AFA /* LHB.storyboard in Resources */,
				145933E51CA0EF6C00C31E09 /* a.jpeg in Resources */,
				145933E91CA0F00100C31E09 /* TopTableViewCell.xib in Resources */,
				145933E71CA0EF8600C31E09 /* TLMain.storyboard in Resources */,
				1427F4B71C9FDFC500442AFA /* YR.storyboard in Resources */,
				1427F4BC1C9FE40800442AFA /* DetailTableViewCell.xib in Resources */,
				1427F4B51C9FDFBC00442AFA /* LHB.storyboard in Resources */,
				145933EE1CA0F52400C31E09 /* b.png in Resources */,
			);
			runOnlyForDeploymentPostprocessing = 0;
		};
/* End PBXResourcesBuildPhase section */

/* Begin PBXShellScriptBuildPhase section */
		51882DF2D7D400805A6F9E47 /* Check Pods Manifest.lock */ = {
			isa = PBXShellScriptBuildPhase;
			buildActionMask = 2147483647;
			files = (
			);
			inputPaths = (
			);
			name = "Check Pods Manifest.lock";
			outputPaths = (
			);
			runOnlyForDeploymentPostprocessing = 0;
			shellPath = /bin/sh;
			shellScript = "diff \"${PODS_ROOT}/../Podfile.lock\" \"${PODS_ROOT}/Manifest.lock\" > /dev/null\nif [[ $? != 0 ]] ; then\n    cat << EOM\nerror: The sandbox is not in sync with the Podfile.lock. Run 'pod install' or update your CocoaPods installation.\nEOM\n    exit 1\nfi\n";
			showEnvVarsInLog = 0;
		};
		5340B60022FD9151EE0C9B72 /* Embed Pods Frameworks */ = {
			isa = PBXShellScriptBuildPhase;
			buildActionMask = 2147483647;
			files = (
			);
			inputPaths = (
			);
			name = "Embed Pods Frameworks";
			outputPaths = (
			);
			runOnlyForDeploymentPostprocessing = 0;
			shellPath = /bin/sh;
			shellScript = "\"${SRCROOT}/Pods/Target Support Files/Pods/Pods-frameworks.sh\"\n";
			showEnvVarsInLog = 0;
		};
		92FCCC213AB03C1FC130D23E /* Copy Pods Resources */ = {
			isa = PBXShellScriptBuildPhase;
			buildActionMask = 2147483647;
			files = (
			);
			inputPaths = (
			);
			name = "Copy Pods Resources";
			outputPaths = (
			);
			runOnlyForDeploymentPostprocessing = 0;
			shellPath = /bin/sh;
			shellScript = "\"${SRCROOT}/Pods/Target Support Files/Pods/Pods-resources.sh\"\n";
			showEnvVarsInLog = 0;
		};
/* End PBXShellScriptBuildPhase section */

/* Begin PBXSourcesBuildPhase section */
		148B33281C9FB29F00179CE6 /* Sources */ = {
			isa = PBXSourcesBuildPhase;
			buildActionMask = 2147483647;
			files = (
				04B922181CA0EE5300D37977 /* YrFirstInViewController.m in Sources */,
				1427F4BB1C9FE40800442AFA /* DetailTableViewCell.m in Sources */,
				04B922151CA0EE0F00D37977 /* AFManager.m in Sources */,
				148B33371C9FB29F00179CE6 /* ViewController.m in Sources */,
				89127D321CA02FDE0087FF09 /* TableViewCell2.m in Sources */,
				04B9220F1CA0ED8E00D37977 /* AppDelegate.m in Sources */,
				148B33311C9FB29F00179CE6 /* main.m in Sources */,
				89127D2C1CA02CB60087FF09 /* ShopingViewController.m in Sources */,
				04B9220C1CA0ED7200D37977 /* AnimationViewController.m in Sources */,
				1427F4BB1C9FE40800442AFA /* DetailTableViewCell.m in Sources */,
				89127D321CA02FDE0087FF09 /* TableViewCell2.m in Sources */,
				145933EC1CA0F02900C31E09 /* MainViewController.m in Sources */,
				148B33341C9FB29F00179CE6 /* AppDelegate.m in Sources */,
				04A04D591C9FE2460032BD2B /* YrFirstInViewController.m in Sources */,
				148B33311C9FB29F00179CE6 /* main.m in Sources */,
				89127D2C1CA02CB60087FF09 /* ShopingViewController.m in Sources */,
				144AFAE21C9FD1B0006AEFFB /* TopTableViewCell.m in Sources */,
				89127D2F1CA02FCD0087FF09 /* TableViewCell1.m in Sources */,
			);
			runOnlyForDeploymentPostprocessing = 0;
		};
/* End PBXSourcesBuildPhase section */

/* Begin PBXVariantGroup section */
		148B33381C9FB29F00179CE6 /* TLMain.storyboard */ = {
			isa = PBXVariantGroup;
			children = (
				148B33391C9FB29F00179CE6 /* Base */,
			);
			name = TLMain.storyboard;
			sourceTree = "<group>";
		};
		148B333D1C9FB29F00179CE6 /* LaunchScreen.storyboard */ = {
			isa = PBXVariantGroup;
			children = (
				148B333E1C9FB29F00179CE6 /* Base */,
			);
			name = LaunchScreen.storyboard;
			sourceTree = "<group>";
		};
/* End PBXVariantGroup section */

/* Begin XCBuildConfiguration section */
		148B33411C9FB29F00179CE6 /* Debug */ = {
			isa = XCBuildConfiguration;
			buildSettings = {
				ALWAYS_SEARCH_USER_PATHS = NO;
				CLANG_CXX_LANGUAGE_STANDARD = "gnu++0x";
				CLANG_CXX_LIBRARY = "libc++";
				CLANG_ENABLE_MODULES = YES;
				CLANG_ENABLE_OBJC_ARC = YES;
				CLANG_WARN_BOOL_CONVERSION = YES;
				CLANG_WARN_CONSTANT_CONVERSION = YES;
				CLANG_WARN_DIRECT_OBJC_ISA_USAGE = YES_ERROR;
				CLANG_WARN_EMPTY_BODY = YES;
				CLANG_WARN_ENUM_CONVERSION = YES;
				CLANG_WARN_INT_CONVERSION = YES;
				CLANG_WARN_OBJC_ROOT_CLASS = YES_ERROR;
				CLANG_WARN_UNREACHABLE_CODE = YES;
				CLANG_WARN__DUPLICATE_METHOD_MATCH = YES;
				"CODE_SIGN_IDENTITY[sdk=iphoneos*]" = "iPhone Developer";
				COPY_PHASE_STRIP = NO;
				DEBUG_INFORMATION_FORMAT = dwarf;
				ENABLE_STRICT_OBJC_MSGSEND = YES;
				ENABLE_TESTABILITY = YES;
				GCC_C_LANGUAGE_STANDARD = gnu99;
				GCC_DYNAMIC_NO_PIC = NO;
				GCC_NO_COMMON_BLOCKS = YES;
				GCC_OPTIMIZATION_LEVEL = 0;
				GCC_PREPROCESSOR_DEFINITIONS = (
					"DEBUG=1",
					"$(inherited)",
				);
				GCC_WARN_64_TO_32_BIT_CONVERSION = YES;
				GCC_WARN_ABOUT_RETURN_TYPE = YES_ERROR;
				GCC_WARN_UNDECLARED_SELECTOR = YES;
				GCC_WARN_UNINITIALIZED_AUTOS = YES_AGGRESSIVE;
				GCC_WARN_UNUSED_FUNCTION = YES;
				GCC_WARN_UNUSED_VARIABLE = YES;
				IPHONEOS_DEPLOYMENT_TARGET = 9.2;
				MTL_ENABLE_DEBUG_INFO = YES;
				ONLY_ACTIVE_ARCH = YES;
				SDKROOT = iphoneos;
				TARGETED_DEVICE_FAMILY = "1,2";
			};
			name = Debug;
		};
		148B33421C9FB29F00179CE6 /* Release */ = {
			isa = XCBuildConfiguration;
			buildSettings = {
				ALWAYS_SEARCH_USER_PATHS = NO;
				CLANG_CXX_LANGUAGE_STANDARD = "gnu++0x";
				CLANG_CXX_LIBRARY = "libc++";
				CLANG_ENABLE_MODULES = YES;
				CLANG_ENABLE_OBJC_ARC = YES;
				CLANG_WARN_BOOL_CONVERSION = YES;
				CLANG_WARN_CONSTANT_CONVERSION = YES;
				CLANG_WARN_DIRECT_OBJC_ISA_USAGE = YES_ERROR;
				CLANG_WARN_EMPTY_BODY = YES;
				CLANG_WARN_ENUM_CONVERSION = YES;
				CLANG_WARN_INT_CONVERSION = YES;
				CLANG_WARN_OBJC_ROOT_CLASS = YES_ERROR;
				CLANG_WARN_UNREACHABLE_CODE = YES;
				CLANG_WARN__DUPLICATE_METHOD_MATCH = YES;
				"CODE_SIGN_IDENTITY[sdk=iphoneos*]" = "iPhone Developer";
				COPY_PHASE_STRIP = NO;
				DEBUG_INFORMATION_FORMAT = "dwarf-with-dsym";
				ENABLE_NS_ASSERTIONS = NO;
				ENABLE_STRICT_OBJC_MSGSEND = YES;
				GCC_C_LANGUAGE_STANDARD = gnu99;
				GCC_NO_COMMON_BLOCKS = YES;
				GCC_WARN_64_TO_32_BIT_CONVERSION = YES;
				GCC_WARN_ABOUT_RETURN_TYPE = YES_ERROR;
				GCC_WARN_UNDECLARED_SELECTOR = YES;
				GCC_WARN_UNINITIALIZED_AUTOS = YES_AGGRESSIVE;
				GCC_WARN_UNUSED_FUNCTION = YES;
				GCC_WARN_UNUSED_VARIABLE = YES;
				IPHONEOS_DEPLOYMENT_TARGET = 9.2;
				MTL_ENABLE_DEBUG_INFO = NO;
				SDKROOT = iphoneos;
				TARGETED_DEVICE_FAMILY = "1,2";
				VALIDATE_PRODUCT = YES;
			};
			name = Release;
		};
		148B33441C9FB29F00179CE6 /* Debug */ = {
			isa = XCBuildConfiguration;
			baseConfigurationReference = E9AA0A1FC6C5323560FC26C9 /* Pods.debug.xcconfig */;
			buildSettings = {
				ASSETCATALOG_COMPILER_APPICON_NAME = AppIcon;
				ASSETCATALOG_COMPILER_LAUNCHIMAGE_NAME = LaunchImage;
				INFOPLIST_FILE = GeGeJia/Info.plist;
				LD_RUNPATH_SEARCH_PATHS = "$(inherited) @executable_path/Frameworks";
				PRODUCT_BUNDLE_IDENTIFIER = Free.GeGeJia;
				PRODUCT_NAME = "$(TARGET_NAME)";
				TARGETED_DEVICE_FAMILY = 1;
			};
			name = Debug;
		};
		148B33451C9FB29F00179CE6 /* Release */ = {
			isa = XCBuildConfiguration;
			baseConfigurationReference = 338E16DB9706D1A6ABF2FACC /* Pods.release.xcconfig */;
			buildSettings = {
				ASSETCATALOG_COMPILER_APPICON_NAME = AppIcon;
				ASSETCATALOG_COMPILER_LAUNCHIMAGE_NAME = LaunchImage;
				INFOPLIST_FILE = GeGeJia/Info.plist;
				LD_RUNPATH_SEARCH_PATHS = "$(inherited) @executable_path/Frameworks";
				PRODUCT_BUNDLE_IDENTIFIER = Free.GeGeJia;
				PRODUCT_NAME = "$(TARGET_NAME)";
				TARGETED_DEVICE_FAMILY = 1;
			};
			name = Release;
		};
/* End XCBuildConfiguration section */

/* Begin XCConfigurationList section */
		148B33271C9FB29F00179CE6 /* Build configuration list for PBXProject "GeGeJia" */ = {
			isa = XCConfigurationList;
			buildConfigurations = (
				148B33411C9FB29F00179CE6 /* Debug */,
				148B33421C9FB29F00179CE6 /* Release */,
			);
			defaultConfigurationIsVisible = 0;
			defaultConfigurationName = Release;
		};
		148B33431C9FB29F00179CE6 /* Build configuration list for PBXNativeTarget "GeGeJia" */ = {
			isa = XCConfigurationList;
			buildConfigurations = (
				148B33441C9FB29F00179CE6 /* Debug */,
				148B33451C9FB29F00179CE6 /* Release */,
			);
			defaultConfigurationIsVisible = 0;
			defaultConfigurationName = Release;
		};
/* End XCConfigurationList section */
	};
	rootObject = 148B33241C9FB29F00179CE6 /* Project object */;
}
